// !$*UTF8*$!
{
	archiveVersion = 1;
	classes = {
	};
	objectVersion = 56;
	objects = {

/* Begin PBXGroup section */
		97781D132D23D3A000CDA6B5 = {
			isa = PBXGroup;
			children = (
				97781D1A2D23D44700CDA6B5 /* Programmers */,
			);
			sourceTree = "<group>";
		};
		97781D1A2D23D44700CDA6B5 /* Programmers */ = {
			isa = PBXGroup;
			children = (
			);
			path = Programmers;
			sourceTree = "<group>";
		};
/* End PBXGroup section */

/* Begin PBXProject section */
		97781D142D23D3A000CDA6B5 /* Project object */ = {
			isa = PBXProject;
			attributes = {
				BuildIndependentTargetsInParallel = 1;
				LastUpgradeCheck = 1520;
			};
			buildConfigurationList = 97781D172D23D3A000CDA6B5 /* Build configuration list for PBXProject "CodingTestExample" */;
			compatibilityVersion = "Xcode 14.0";
			developmentRegion = en;
			hasScannedForEncodings = 0;
			knownRegions = (
				en,
				Base,
			);
			mainGroup = 97781D132D23D3A000CDA6B5;
			projectDirPath = "";
			projectRoot = "";
			targets = (
			);
		};
/* End PBXProject section */

/* Begin XCBuildConfiguration section */
		97781D182D23D3A000CDA6B5 /* Debug */ = {
			isa = XCBuildConfiguration;
			buildSettings = {
			};
			name = Debug;
		};
		97781D192D23D3A000CDA6B5 /* Release */ = {
			isa = XCBuildConfiguration;
			buildSettings = {
			};
			name = Release;
		};
/* End XCBuildConfiguration section */

/* Begin XCConfigurationList section */
		97781D172D23D3A000CDA6B5 /* Build configuration list for PBXProject "CodingTestExample" */ = {
			isa = XCConfigurationList;
			buildConfigurations = (
				97781D182D23D3A000CDA6B5 /* Debug */,
				97781D192D23D3A000CDA6B5 /* Release */,
			);
			defaultConfigurationIsVisible = 0;
			defaultConfigurationName = Release;
		};
/* End XCConfigurationList section */
	};
	rootObject = 97781D142D23D3A000CDA6B5 /* Project object */;
}
