// !$*UTF8*$!
{
	archiveVersion = 1;
	classes = {
	};
	objectVersion = 56;
	objects = {

/* Begin PBXFileReference section */
		972C74592D3932D00052639D /* 20250116.playground */ = {isa = PBXFileReference; lastKnownFileType = file.playground; path = 20250116.playground; sourceTree = "<group>"; xcLanguageSpecificationIdentifier = xcode.lang.swift; };
		972E1F602D26C2AD0020483E /* 20250102.playground */ = {isa = PBXFileReference; lastKnownFileType = file.playground; path = 20250102.playground; sourceTree = "<group>"; xcLanguageSpecificationIdentifier = xcode.lang.swift; };
		9732200A2D3E816400B7A99A /* 20250120.playground */ = {isa = PBXFileReference; lastKnownFileType = file.playground; path = 20250120.playground; sourceTree = "<group>"; xcLanguageSpecificationIdentifier = xcode.lang.swift; };
		9732200B2D3FC85300B7A99A /* 20250121.playground */ = {isa = PBXFileReference; lastKnownFileType = file.playground; path = 20250121.playground; sourceTree = "<group>"; xcLanguageSpecificationIdentifier = xcode.lang.swift; };
		9732200C2D50F00F00B7A99A /* 20250203.playground */ = {isa = PBXFileReference; lastKnownFileType = file.playground; path = 20250203.playground; sourceTree = "<group>"; xcLanguageSpecificationIdentifier = xcode.lang.swift; };
		9732200D2D52477000B7A99A /* 20250204.playground */ = {isa = PBXFileReference; lastKnownFileType = file.playground; path = 20250204.playground; sourceTree = "<group>"; xcLanguageSpecificationIdentifier = xcode.lang.swift; };
		9748390F2D354F08007D207B /* 20250113.playground */ = {isa = PBXFileReference; lastKnownFileType = file.playground; path = 20250113.playground; sourceTree = "<group>"; xcLanguageSpecificationIdentifier = xcode.lang.swift; };
		974839102D3693BB007D207B /* 20250114.playground */ = {isa = PBXFileReference; lastKnownFileType = file.playground; path = 20250114.playground; sourceTree = "<group>"; xcLanguageSpecificationIdentifier = xcode.lang.swift; };
		974839112D37E7A8007D207B /* 20250115.playground */ = {isa = PBXFileReference; lastKnownFileType = file.playground; path = 20250115.playground; sourceTree = "<group>"; xcLanguageSpecificationIdentifier = xcode.lang.swift; };
		97A3D2232D2BFAA1009F60CC /* 20250106.playground */ = {isa = PBXFileReference; lastKnownFileType = file.playground; path = 20250106.playground; sourceTree = "<group>"; xcLanguageSpecificationIdentifier = xcode.lang.swift; };
/* End PBXFileReference section */

/* Begin PBXGroup section */
		97781D132D23D3A000CDA6B5 = {
			isa = PBXGroup;
			children = (
				9732200D2D52477000B7A99A /* 20250204.playground */,
				97781D1A2D23D44700CDA6B5 /* Programmers */,
			);
			sourceTree = "<group>";
		};
		97781D1A2D23D44700CDA6B5 /* Programmers */ = {
			isa = PBXGroup;
			children = (
				972E1F602D26C2AD0020483E /* 20250102.playground */,
				97A3D2232D2BFAA1009F60CC /* 20250106.playground */,
				9748390F2D354F08007D207B /* 20250113.playground */,
				974839102D3693BB007D207B /* 20250114.playground */,
				974839112D37E7A8007D207B /* 20250115.playground */,
				972C74592D3932D00052639D /* 20250116.playground */,
				9732200A2D3E816400B7A99A /* 20250120.playground */,
				9732200B2D3FC85300B7A99A /* 20250121.playground */,
				9732200C2D50F00F00B7A99A /* 20250203.playground */,
			);
			path = Programmers;
			sourceTree = "<group>";
		};
/* End PBXGroup section */

/* Begin PBXProject section */
		97781D142D23D3A000CDA6B5 /* Project object */ = {
			isa = PBXProject;
			attributes = {
				BuildIndependentTargetsInParallel = 1;
				LastUpgradeCheck = 1520;
			};
			buildConfigurationList = 97781D172D23D3A000CDA6B5 /* Build configuration list for PBXProject "CodingTestExample" */;
			compatibilityVersion = "Xcode 14.0";
			developmentRegion = en;
			hasScannedForEncodings = 0;
			knownRegions = (
				en,
				Base,
			);
			mainGroup = 97781D132D23D3A000CDA6B5;
			projectDirPath = "";
			projectRoot = "";
			targets = (
			);
		};
/* End PBXProject section */

/* Begin XCBuildConfiguration section */
		97781D182D23D3A000CDA6B5 /* Debug */ = {
			isa = XCBuildConfiguration;
			buildSettings = {
			};
			name = Debug;
		};
		97781D192D23D3A000CDA6B5 /* Release */ = {
			isa = XCBuildConfiguration;
			buildSettings = {
			};
			name = Release;
		};
/* End XCBuildConfiguration section */

/* Begin XCConfigurationList section */
		97781D172D23D3A000CDA6B5 /* Build configuration list for PBXProject "CodingTestExample" */ = {
			isa = XCConfigurationList;
			buildConfigurations = (
				97781D182D23D3A000CDA6B5 /* Debug */,
				97781D192D23D3A000CDA6B5 /* Release */,
			);
			defaultConfigurationIsVisible = 0;
			defaultConfigurationName = Release;
		};
/* End XCConfigurationList section */
	};
	rootObject = 97781D142D23D3A000CDA6B5 /* Project object */;
}
